
Microsoft Visual Studio Solution File, Format Version 12.00
# Visual Studio 2012
Project("{ECD6D718-D1CF-4119-97F3-97C25A0DFBF9}") = "Binyamin", "Binyamin\Binyamin\Binyamin.lsproj", "{38DDCFA8-C077-4888-B8F2-9D83656ACE32}"
EndProject
Project("{FAE04EC0-301F-11D3-BF4B-00C04F79EFBC}") = "BinyaminSerivces", "Binyamin\BinyaminSerivces\BinyaminSerivces.csproj", "{0046E902-76BE-475D-8B81-1099C181C090}"
EndProject
Global
	GlobalSection(TeamFoundationVersionControl) = preSolution
		SccNumberOfProjects = 8
		SccEnterpriseProvider = {4CA58AB2-18FA-4F8D-95D4-32DDF27D184C}
		SccTeamFoundationServer = https://dvircn.visualstudio.com/defaultcollection
		SccLocalPath0 = .
		SccProjectUniqueName1 = Binyamin\\Binyamin.lsproj
		SccProjectName1 = Binyamin
		SccLocalPath1 = Binyamin
		SccProjectUniqueName2 = Binyamin\\Client\\Client.csproj
		SccProjectTopLevelParentUniqueName2 = Binyamin\\Binyamin.lsproj
		SccProjectName2 = Binyamin/Client
		SccLocalPath2 = Binyamin\\Client
		SccProjectUniqueName3 = Binyamin\\ClientGenerated\\ClientGenerated.csproj
		SccProjectTopLevelParentUniqueName3 = Binyamin\\Binyamin.lsproj
		SccProjectName3 = Binyamin/ClientGenerated
		SccLocalPath3 = Binyamin\\ClientGenerated
		SccProjectUniqueName4 = Binyamin\\Common\\Common.csproj
		SccProjectTopLevelParentUniqueName4 = Binyamin\\Binyamin.lsproj
		SccProjectName4 = Binyamin/Common
		SccLocalPath4 = Binyamin\\Common
		SccProjectUniqueName5 = Binyamin\\Server\\Server.csproj
		SccProjectTopLevelParentUniqueName5 = Binyamin\\Binyamin.lsproj
		SccProjectName5 = Binyamin/Server
		SccLocalPath5 = Binyamin\\Server
		SccProjectUniqueName6 = Binyamin\\ServerGenerated\\ServerGenerated.csproj
		SccProjectTopLevelParentUniqueName6 = Binyamin\\Binyamin.lsproj
		SccProjectName6 = Binyamin/ServerGenerated
		SccLocalPath6 = Binyamin\\ServerGenerated
		SccProjectUniqueName7 = BinyaminSerivces\\BinyaminSerivces.csproj
		SccProjectName7 = BinyaminSerivces
		SccLocalPath7 = BinyaminSerivces
	EndGlobalSection
	GlobalSection(SolutionConfigurationPlatforms) = preSolution
		Debug|Any CPU = Debug|Any CPU
		Release|Any CPU = Release|Any CPU
	EndGlobalSection
	GlobalSection(ProjectConfigurationPlatforms) = postSolution
		{38DDCFA8-C077-4888-B8F2-9D83656ACE32}.Debug|Any CPU.ActiveCfg = Debug|Any CPU
		{38DDCFA8-C077-4888-B8F2-9D83656ACE32}.Debug|Any CPU.Build.0 = Debug|Any CPU
		{38DDCFA8-C077-4888-B8F2-9D83656ACE32}.Release|Any CPU.ActiveCfg = Release|Any CPU
		{38DDCFA8-C077-4888-B8F2-9D83656ACE32}.Release|Any CPU.Build.0 = Release|Any CPU
		{0046E902-76BE-475D-8B81-1099C181C090}.Debug|Any CPU.ActiveCfg = Debug|Any CPU
		{0046E902-76BE-475D-8B81-1099C181C090}.Debug|Any CPU.Build.0 = Debug|Any CPU
		{0046E902-76BE-475D-8B81-1099C181C090}.Release|Any CPU.ActiveCfg = Release|Any CPU
		{0046E902-76BE-475D-8B81-1099C181C090}.Release|Any CPU.Build.0 = Release|Any CPU
		{FD1D76B7-48D4-4F31-8A7D-16C8EA20F31D}.Debug|Any CPU.ActiveCfg = Debug|Any CPU
		{FD1D76B7-48D4-4F31-8A7D-16C8EA20F31D}.Debug|Any CPU.Build.0 = Debug|Any CPU
		{FD1D76B7-48D4-4F31-8A7D-16C8EA20F31D}.Release|Any CPU.ActiveCfg = Release|Any CPU
		{FD1D76B7-48D4-4F31-8A7D-16C8EA20F31D}.Release|Any CPU.Build.0 = Release|Any CPU
		{6FC85AAF-0C8A-4E51-A697-D56D5C6A5363}.Debug|Any CPU.ActiveCfg = Debug|Any CPU
		{6FC85AAF-0C8A-4E51-A697-D56D5C6A5363}.Debug|Any CPU.Build.0 = Debug|Any CPU
		{6FC85AAF-0C8A-4E51-A697-D56D5C6A5363}.Release|Any CPU.ActiveCfg = Release|Any CPU
		{6FC85AAF-0C8A-4E51-A697-D56D5C6A5363}.Release|Any CPU.Build.0 = Release|Any CPU
		{AA0B8381-A15D-495C-A496-051D436EADE5}.Debug|Any CPU.ActiveCfg = Debug|Any CPU
		{AA0B8381-A15D-495C-A496-051D436EADE5}.Debug|Any CPU.Build.0 = Debug|Any CPU
		{AA0B8381-A15D-495C-A496-051D436EADE5}.Release|Any CPU.ActiveCfg = Release|Any CPU
		{AA0B8381-A15D-495C-A496-051D436EADE5}.Release|Any CPU.Build.0 = Release|Any CPU
	EndGlobalSection
	GlobalSection(SolutionProperties) = preSolution
		HideSolutionNode = FALSE
	EndGlobalSection
	GlobalSection(SubversionScc) = preSolution
		Svn-Managed = True
		Manager = AnkhSVN - Subversion Support for Visual Studio
	EndGlobalSection
EndGlobal
