
Microsoft Visual Studio Solution File, Format Version 11.00
# Visual Studio 2010
Project("{ECD6D718-D1CF-4119-97F3-97C25A0DFBF9}") = "Binyamin", "Binyamin.lsproj", "{38DDCFA8-C077-4888-B8F2-9D83656ACE32}"
EndProject
Global
	GlobalSection(SolutionConfigurationPlatforms) = preSolution
		Debug|Any CPU = Debug|Any CPU
		Release|Any CPU = Release|Any CPU
	EndGlobalSection
	GlobalSection(ProjectConfigurationPlatforms) = postSolution
		{38DDCFA8-C077-4888-B8F2-9D83656ACE32}.Debug|Any CPU.ActiveCfg = Debug|Any CPU
		{38DDCFA8-C077-4888-B8F2-9D83656ACE32}.Debug|Any CPU.Build.0 = Debug|Any CPU
		{38DDCFA8-C077-4888-B8F2-9D83656ACE32}.Release|Any CPU.ActiveCfg = Release|Any CPU
		{38DDCFA8-C077-4888-B8F2-9D83656ACE32}.Release|Any CPU.Build.0 = Release|Any CPU
		{6FC85AAF-0C8A-4E51-A697-D56D5C6A5363}.Debug|Any CPU.ActiveCfg = Debug|Any CPU
		{6FC85AAF-0C8A-4E51-A697-D56D5C6A5363}.Debug|Any CPU.Build.0 = Debug|Any CPU
		{6FC85AAF-0C8A-4E51-A697-D56D5C6A5363}.Release|Any CPU.ActiveCfg = Release|Any CPU
		{6FC85AAF-0C8A-4E51-A697-D56D5C6A5363}.Release|Any CPU.Build.0 = Release|Any CPU
		{A79B2508-01C8-4636-A3E0-978F35343BC4}.Debug|Any CPU.ActiveCfg = Debug|Any CPU
		{A79B2508-01C8-4636-A3E0-978F35343BC4}.Debug|Any CPU.Build.0 = Debug|Any CPU
		{A79B2508-01C8-4636-A3E0-978F35343BC4}.Release|Any CPU.ActiveCfg = Release|Any CPU
		{A79B2508-01C8-4636-A3E0-978F35343BC4}.Release|Any CPU.Build.0 = Release|Any CPU
		{FD1D76B7-48D4-4F31-8A7D-16C8EA20F31D}.Debug|Any CPU.ActiveCfg = Debug|Any CPU
		{FD1D76B7-48D4-4F31-8A7D-16C8EA20F31D}.Debug|Any CPU.Build.0 = Debug|Any CPU
		{FD1D76B7-48D4-4F31-8A7D-16C8EA20F31D}.Release|Any CPU.ActiveCfg = Release|Any CPU
		{FD1D76B7-48D4-4F31-8A7D-16C8EA20F31D}.Release|Any CPU.Build.0 = Release|Any CPU
		{AA0B8381-A15D-495C-A496-051D436EADE5}.Debug|Any CPU.ActiveCfg = Debug|Any CPU
		{AA0B8381-A15D-495C-A496-051D436EADE5}.Debug|Any CPU.Build.0 = Debug|Any CPU
		{AA0B8381-A15D-495C-A496-051D436EADE5}.Release|Any CPU.ActiveCfg = Release|Any CPU
		{AA0B8381-A15D-495C-A496-051D436EADE5}.Release|Any CPU.Build.0 = Release|Any CPU
		{A24A9D2E-425A-413A-8E4F-503DAD5099F3}.Debug|Any CPU.ActiveCfg = Debug|Any CPU
		{A24A9D2E-425A-413A-8E4F-503DAD5099F3}.Debug|Any CPU.Build.0 = Debug|Any CPU
		{A24A9D2E-425A-413A-8E4F-503DAD5099F3}.Release|Any CPU.ActiveCfg = Release|Any CPU
		{A24A9D2E-425A-413A-8E4F-503DAD5099F3}.Release|Any CPU.Build.0 = Release|Any CPU
	EndGlobalSection
	GlobalSection(SolutionProperties) = preSolution
		HideSolutionNode = FALSE
	EndGlobalSection
EndGlobal
